
Microsoft Visual Studio Solution File, Format Version 12.00
# Visual Studio Version 16
VisualStudioVersion = 16.0.30413.136
MinimumVisualStudioVersion = 10.0.40219.1
Project("{FAE04EC0-301F-11D3-BF4B-00C04F79EFBC}") = "karusel.Android", "karusel\karusel.Android\karusel.Android.csproj", "{5A363B59-89D1-4EF5-B30C-52995DFAFF72}"
EndProject
Project("{FAE04EC0-301F-11D3-BF4B-00C04F79EFBC}") = "karusel", "karusel\karusel\karusel.csproj", "{2F2D8E7C-3C93-4F0D-AB65-899E5E460380}"
EndProject
Global
	GlobalSection(SolutionConfigurationPlatforms) = preSolution
		Debug|Any CPU = Debug|Any CPU
		Release|Any CPU = Release|Any CPU
	EndGlobalSection
	GlobalSection(ProjectConfigurationPlatforms) = postSolution
		{5A363B59-89D1-4EF5-B30C-52995DFAFF72}.Debug|Any CPU.ActiveCfg = Debug|Any CPU
		{5A363B59-89D1-4EF5-B30C-52995DFAFF72}.Debug|Any CPU.Build.0 = Debug|Any CPU
		{5A363B59-89D1-4EF5-B30C-52995DFAFF72}.Debug|Any CPU.Deploy.0 = Debug|Any CPU
		{5A363B59-89D1-4EF5-B30C-52995DFAFF72}.Release|Any CPU.ActiveCfg = Release|Any CPU
		{5A363B59-89D1-4EF5-B30C-52995DFAFF72}.Release|Any CPU.Build.0 = Release|Any CPU
		{5A363B59-89D1-4EF5-B30C-52995DFAFF72}.Release|Any CPU.Deploy.0 = Release|Any CPU
		{2F2D8E7C-3C93-4F0D-AB65-899E5E460380}.Debug|Any CPU.ActiveCfg = Debug|Any CPU
		{2F2D8E7C-3C93-4F0D-AB65-899E5E460380}.Debug|Any CPU.Build.0 = Debug|Any CPU
		{2F2D8E7C-3C93-4F0D-AB65-899E5E460380}.Debug|Any CPU.Deploy.0 = Debug|Any CPU
		{2F2D8E7C-3C93-4F0D-AB65-899E5E460380}.Release|Any CPU.ActiveCfg = Release|Any CPU
		{2F2D8E7C-3C93-4F0D-AB65-899E5E460380}.Release|Any CPU.Build.0 = Release|Any CPU
		{2F2D8E7C-3C93-4F0D-AB65-899E5E460380}.Release|Any CPU.Deploy.0 = Release|Any CPU
	EndGlobalSection
	GlobalSection(SolutionProperties) = preSolution
		HideSolutionNode = FALSE
	EndGlobalSection
	GlobalSection(ExtensibilityGlobals) = postSolution
		SolutionGuid = {B5B6E7F7-C216-4234-85D7-53A690FF2BAF}
	EndGlobalSection
EndGlobal
